# This file is automatically @generated by Poetry 1.8.5 and should not be changed by hand.

[[package]]
name = "antlr4-python3-runtime"
version = "4.13.2"
description = "ANTLR 4.13.2 runtime for Python 3"
optional = false
python-versions = "*"
files = [
    {file = "antlr4_python3_runtime-4.13.2-py3-none-any.whl", hash = "sha256:fe3835eb8d33daece0e799090eda89719dbccee7aa39ef94eed3818cafa5a7e8"},
    {file = "antlr4_python3_runtime-4.13.2.tar.gz", hash = "sha256:909b647e1d2fc2b70180ac586df3933e38919c85f98ccc656a96cd3f25ef3916"},
]

[[package]]
name = "antlr4-tools"
version = "0.2.2"
description = "Tools to run ANTLR4 tool and grammar interpreter/profiler"
optional = false
python-versions = "*"
files = [
    {file = "antlr4_tools-0.2.2-py3-none-any.whl", hash = "sha256:79a0b971cf8337db49df076495332e9e401e2217d114ee1ac7797d3b28df001b"},
    {file = "antlr4_tools-0.2.2.tar.gz", hash = "sha256:8af6fba512fc168e48eb93690ed21bdbe8848ed812d12b365d9d259a26ad6ba3"},
]

[package.dependencies]
install-jdk = "*"

[[package]]
name = "cql-parser"
version = "1.0.2"
description = "\"CQL (Contextual Query Language) Parser\""
optional = false
python-versions = ">=3.8"
files = [
    {file = "cql-parser-1.0.2.tar.gz", hash = "sha256:c5b827add9f3753baac88450e88cce9fe99e999b7f01dcfb33edf81050a61f37"},
    {file = "cql_parser-1.0.2-py2.py3-none-any.whl", hash = "sha256:23710186e7f5a4485dcb66ba69aab6f54fa71ff63230218a4d51ae53af75b3c7"},
]

[package.extras]
build = ["build", "twine"]
style = ["black", "flake8", "isort", "mypy"]
test = ["pytest", "pytest-clarity", "pytest-cov", "pytest-randomly"]
vendor = ["vendoring"]

[[package]]
name = "fhirpathpy"
version = "2.1.0"
description = "FHIRPath implementation in Python"
optional = false
python-versions = ">=3.8"
files = [
    {file = "fhirpathpy-2.1.0-py3-none-any.whl", hash = "sha256:736deadc8adf75257db2d36db0451a5d07e12a56699f8e974a30423730b1786a"},
    {file = "fhirpathpy-2.1.0.tar.gz", hash = "sha256:ce3a8a7f3012f07826cd2c6dcbbe005c3172e00cf24989ba6eea09f4b2a2a5b8"},
]

[package.dependencies]
antlr4-python3-runtime = ">=4.10,<5.0"
python-dateutil = ">=2.8,<3.0"

[package.extras]
test = ["pytest (==7.1.1)", "pyyaml (==5.4)"]

[[package]]
name = "install-jdk"
version = "1.1.0"
description = "install-jdk allows you to easily install latest Java OpenJDK version. Supports OpenJDK builds from Adoptium (previously AdoptOpenJDK), Corretto, and Zulu. Simplify your Java development with the latest OpenJDK builds."
optional = false
python-versions = ">=3.6,<4.0"
files = [
    {file = "install_jdk-1.1.0-py3-none-any.whl", hash = "sha256:b63f0fcd63f7abab3443d4120ba92716397753b8a8ea3c85762a629925a9936e"},
    {file = "install_jdk-1.1.0.tar.gz", hash = "sha256:2bfd53caf660e4916df0215a5715519dcb9547fa2a5f07421fd97a8046851eaa"},
]

[[package]]
name = "python-dateutil"
version = "2.9.0.post0"
description = "Extensions to the standard Python datetime module"
optional = false
python-versions = "!=3.0.*,!=3.1.*,!=3.2.*,>=2.7"
files = [
    {file = "python-dateutil-2.9.0.post0.tar.gz", hash = "sha256:37dd54208da7e1cd875388217d5e00ebd4179249f90fb72437e91a35459a0ad3"},
    {file = "python_dateutil-2.9.0.post0-py2.py3-none-any.whl", hash = "sha256:a8b2bc7bffae282281c8140a97d3aa9c14da0b136dfe83f850eea9a5f7470427"},
]

[package.dependencies]
six = ">=1.5"

[[package]]
name = "six"
version = "1.17.0"
description = "Python 2 and 3 compatibility utilities"
optional = false
python-versions = "!=3.0.*,!=3.1.*,!=3.2.*,>=2.7"
files = [
    {file = "six-1.17.0-py2.py3-none-any.whl", hash = "sha256:4721f391ed90541fddacab5acf947aa0d3dc7d27b2e1e8eda2be8970586c3274"},
    {file = "six-1.17.0.tar.gz", hash = "sha256:ff70335d468e7eb6ec65b95b99d3a2836546063f63acc5171de367e834932a81"},
]

[metadata]
lock-version = "2.0"
python-versions = "^3.13"
content-hash = "0a678867c91ffc4e8f5a1ad8086ed090b7d166387b99fab6f68057924d0174fd"
